
Microsoft Visual Studio Solution File, Format Version 12.00
# Visual Studio Version 16
VisualStudioVersion = 16.0.30804.86
MinimumVisualStudioVersion = 10.0.40219.1
Project("{9A19103F-16F7-4668-BE54-9A1E7A4F7556}") = "TextCycler", "TextCycler.csproj", "{5502D6FA-B010-4B2C-AE7A-092119A0BBD1}"
EndProject
Global
	GlobalSection(SolutionConfigurationPlatforms) = preSolution
		Debug|Any CPU = Debug|Any CPU
		Release|Any CPU = Release|Any CPU
	EndGlobalSection
	GlobalSection(ProjectConfigurationPlatforms) = postSolution
		{5502D6FA-B010-4B2C-AE7A-092119A0BBD1}.Debug|Any CPU.ActiveCfg = Debug|Any CPU
		{5502D6FA-B010-4B2C-AE7A-092119A0BBD1}.Debug|Any CPU.Build.0 = Debug|Any CPU
		{5502D6FA-B010-4B2C-AE7A-092119A0BBD1}.Release|Any CPU.ActiveCfg = Release|Any CPU
		{5502D6FA-B010-4B2C-AE7A-092119A0BBD1}.Release|Any CPU.Build.0 = Release|Any CPU
	EndGlobalSection
	GlobalSection(SolutionProperties) = preSolution
		HideSolutionNode = FALSE
	EndGlobalSection
	GlobalSection(ExtensibilityGlobals) = postSolution
		SolutionGuid = {FD5A0B6A-4C3D-40C3-ADB8-C621A0A26F50}
	EndGlobalSection
EndGlobal
